
Microsoft Visual Studio Solution File, Format Version 12.00
# Visual Studio Version 17
VisualStudioVersion = 17.6.33829.357
MinimumVisualStudioVersion = 10.0.40219.1
Project("{FAE04EC0-301F-11D3-BF4B-00C04F79EFBC}") = "StudentsREST", "StudentsREST\StudentsREST.csproj", "{D1A06B3F-9C05-4EAE-8EFE-95E15E869868}"
EndProject
Global
	GlobalSection(SolutionConfigurationPlatforms) = preSolution
		Debug|Any CPU = Debug|Any CPU
		Release|Any CPU = Release|Any CPU
	EndGlobalSection
	GlobalSection(ProjectConfigurationPlatforms) = postSolution
		{D1A06B3F-9C05-4EAE-8EFE-95E15E869868}.Debug|Any CPU.ActiveCfg = Debug|Any CPU
		{D1A06B3F-9C05-4EAE-8EFE-95E15E869868}.Debug|Any CPU.Build.0 = Debug|Any CPU
		{D1A06B3F-9C05-4EAE-8EFE-95E15E869868}.Release|Any CPU.ActiveCfg = Release|Any CPU
		{D1A06B3F-9C05-4EAE-8EFE-95E15E869868}.Release|Any CPU.Build.0 = Release|Any CPU
	EndGlobalSection
	GlobalSection(SolutionProperties) = preSolution
		HideSolutionNode = FALSE
	EndGlobalSection
	GlobalSection(ExtensibilityGlobals) = postSolution
		SolutionGuid = {A5E5BE25-E9EF-449E-8759-8D146BA2C803}
	EndGlobalSection
EndGlobal
